{
  "originHash" : "46ed7bce6b117ecfd608422ed14e78cbc8191b368b59172c65b88a1aa1858ddc",
  "pins" : [
    {
      "identity" : "sentry-cocoa",
      "kind" : "remoteSourceControl",
      "location" : "https://github.com/getsentry/sentry-cocoa.git",
      "state" : {
        "revision" : "56fb914f14922efeda6c744c0125696552b6d2b5",
        "version" : "8.53.1"
      }
    },
    {
      "identity" : "swift-package-manager-google-mobile-ads",
      "kind" : "remoteSourceControl",
      "location" : "https://github.com/googleads/swift-package-manager-google-mobile-ads.git",
      "state" : {
        "revision" : "946770157e526c0fa8807ed516c3d9f81106e30a",
        "version" : "12.6.0"
      }
    },
    {
      "identity" : "swift-package-manager-google-user-messaging-platform",
      "kind" : "remoteSourceControl",
      "location" : "https://github.com/googleads/swift-package-manager-google-user-messaging-platform.git",
      "state" : {
        "revision" : "708a282840c2171ee63bd93b87afa49fe507d70e",
        "version" : "3.0.0"
      }
    }
  ],
  "version" : 3
}
